
Microsoft Visual Studio Solution File, Format Version 12.00
# Visual Studio Version 17
VisualStudioVersion = 17.11.35327.3
MinimumVisualStudioVersion = 10.0.40219.1
Project("{2150E333-8FDC-42A3-9474-1A3956D46DE8}") = "Services", "Services", "{80FF55B4-8026-4424-8F4D-BDD20E32CB13}"
EndProject
Project("{2150E333-8FDC-42A3-9474-1A3956D46DE8}") = "Catalog", "Catalog", "{29AF64A8-EE08-40F0-AFF1-D1762E37145B}"
EndProject
Project("{9A19103F-16F7-4668-BE54-9A1E7A4F7556}") = "PetStuff.Catalog.Api", "Services\Catalog\PetStuff.Catalog.Api\PetStuff.Catalog.Api.csproj", "{ABD3628C-5AFA-4D20-9AF4-17FD8566CCC8}"
EndProject
Project("{9A19103F-16F7-4668-BE54-9A1E7A4F7556}") = "PetStuff.Catalog.Domain", "Services\Catalog\PetStuff.Catalog.Domain\PetStuff.Catalog.Domain.csproj", "{7263EBD5-ABFB-4A17-A5CA-F54393128D2E}"
EndProject
Project("{9A19103F-16F7-4668-BE54-9A1E7A4F7556}") = "PetStuff.Catalog.Application", "Services\Catalog\PetStuff.Catalog.Application\PetStuff.Catalog.Application.csproj", "{66745A1D-D9AB-45FB-8167-EE040E345C04}"
EndProject
Project("{9A19103F-16F7-4668-BE54-9A1E7A4F7556}") = "PetStuff.Catalog.Infrastructure", "Services\Catalog\PetStuff.Catalog.Infrastructure\PetStuff.Catalog.Infrastructure.csproj", "{C7669B83-D4AA-474A-802E-90B49C6B6DB0}"
EndProject
Project("{2150E333-8FDC-42A3-9474-1A3956D46DE8}") = "IdentityServer", "IdentityServer", "{548CAE2B-9C3F-4D6E-9023-CF5CBC4A774B}"
EndProject
Project("{9A19103F-16F7-4668-BE54-9A1E7A4F7556}") = "PetStuff.IdentityServer", "IdentityServer\PetStuff.IdentityServer\PetStuff.IdentityServer.csproj", "{A837E9A0-AED1-4968-9354-6542966083F6}"
EndProject
Project("{2150E333-8FDC-42A3-9474-1A3956D46DE8}") = "Basket", "Basket", "{CCB6BFC9-1E1C-D6CA-BAF5-57C5A4F94D78}"
EndProject
Project("{9A19103F-16F7-4668-BE54-9A1E7A4F7556}") = "PetStuff.Basket.Domain", "Services\Basket\PetStuff.Basket.Domain\PetStuff.Basket.Domain.csproj", "{4EA4CE6F-D4FD-47D7-A319-EFD980985B95}"
EndProject
Project("{9A19103F-16F7-4668-BE54-9A1E7A4F7556}") = "PetStuff.Basket.Application", "Services\Basket\PetStuff.Basket.Application\PetStuff.Basket.Application.csproj", "{604269A5-ADB3-4ACB-8B56-6604893FFDD2}"
EndProject
Project("{9A19103F-16F7-4668-BE54-9A1E7A4F7556}") = "PetStuff.Basket.Infrastructure", "Services\Basket\PetStuff.Basket.Infrastructure\PetStuff.Basket.Infrastructure.csproj", "{2B81D0B4-73D8-4250-B3A8-9C128C4BB81A}"
EndProject
Project("{9A19103F-16F7-4668-BE54-9A1E7A4F7556}") = "PetStuff.Basket.Api", "Services\Basket\PetStuff.Basket.Api\PetStuff.Basket.Api.csproj", "{618A5962-4303-4AC7-9B60-5B6A9D19B449}"
EndProject
Project("{2150E333-8FDC-42A3-9474-1A3956D46DE8}") = "Order", "Order", "{58C2AF56-6C70-E275-C0EF-70FD642BDB58}"
EndProject
Project("{9A19103F-16F7-4668-BE54-9A1E7A4F7556}") = "PetStuff.Order.Domain", "Services\Order\PetStuff.Order.Domain\PetStuff.Order.Domain.csproj", "{0A34A63C-E64A-48C8-92D1-36B59841E2E2}"
EndProject
Project("{9A19103F-16F7-4668-BE54-9A1E7A4F7556}") = "PetStuff.Order.Application", "Services\Order\PetStuff.Order.Application\PetStuff.Order.Application.csproj", "{7C5B8C2F-6806-43E1-86D5-6083694195CE}"
EndProject
Project("{9A19103F-16F7-4668-BE54-9A1E7A4F7556}") = "PetStuff.Order.Infrastructure", "Services\Order\PetStuff.Order.Infrastructure\PetStuff.Order.Infrastructure.csproj", "{76A83A0C-9E2E-451F-8605-E543EF5FFC99}"
EndProject
Project("{9A19103F-16F7-4668-BE54-9A1E7A4F7556}") = "PetStuff.Order.Api", "Services\Order\PetStuff.Order.Api\PetStuff.Order.Api.csproj", "{E72879BF-B170-4A83-8158-4D5A46160A0D}"
EndProject
Project("{2150E333-8FDC-42A3-9474-1A3956D46DE8}") = "Frontend", "Frontend", "{CE609670-85B9-0D16-FB54-ED063D5D8A6D}"
EndProject
Project("{FAE04EC0-301F-11D3-BF4B-00C04F79EFBC}") = "PetStuff.Web", "Frontend\PetStuff.Web\PetStuff.Web.csproj", "{840CD130-E1CB-48D2-8F62-F4E224D9F807}"
EndProject
Project("{2150E333-8FDC-42A3-9474-1A3956D46DE8}") = "Email", "Email", "{95BEF398-76B9-AA21-D909-717B6157BD08}"
EndProject
Project("{FAE04EC0-301F-11D3-BF4B-00C04F79EFBC}") = "PetStuff.Email.Api", "Services\Email\PetStuff.Email.Api\PetStuff.Email.Api.csproj", "{7F304FD2-AFC4-4009-A944-F685A3509494}"
EndProject
Project("{2150E333-8FDC-42A3-9474-1A3956D46DE8}") = "Gateway", "Gateway", "{E7BDDBC6-9FD1-D1D7-ACD8-2C4F8E3D2461}"
EndProject
Project("{FAE04EC0-301F-11D3-BF4B-00C04F79EFBC}") = "PetStuff.ApiGateway", "Gateway\PetStuff.ApiGateway\PetStuff.ApiGateway.csproj", "{53CAB811-0194-4AE7-B771-3D59E964E504}"
EndProject
Global
	GlobalSection(SolutionConfigurationPlatforms) = preSolution
		Debug|Any CPU = Debug|Any CPU
		Debug|x64 = Debug|x64
		Debug|x86 = Debug|x86
		Release|Any CPU = Release|Any CPU
		Release|x64 = Release|x64
		Release|x86 = Release|x86
	EndGlobalSection
	GlobalSection(ProjectConfigurationPlatforms) = postSolution
		{ABD3628C-5AFA-4D20-9AF4-17FD8566CCC8}.Debug|Any CPU.ActiveCfg = Debug|Any CPU
		{ABD3628C-5AFA-4D20-9AF4-17FD8566CCC8}.Debug|Any CPU.Build.0 = Debug|Any CPU
		{ABD3628C-5AFA-4D20-9AF4-17FD8566CCC8}.Debug|x64.ActiveCfg = Debug|Any CPU
		{ABD3628C-5AFA-4D20-9AF4-17FD8566CCC8}.Debug|x64.Build.0 = Debug|Any CPU
		{ABD3628C-5AFA-4D20-9AF4-17FD8566CCC8}.Debug|x86.ActiveCfg = Debug|Any CPU
		{ABD3628C-5AFA-4D20-9AF4-17FD8566CCC8}.Debug|x86.Build.0 = Debug|Any CPU
		{ABD3628C-5AFA-4D20-9AF4-17FD8566CCC8}.Release|Any CPU.ActiveCfg = Release|Any CPU
		{ABD3628C-5AFA-4D20-9AF4-17FD8566CCC8}.Release|Any CPU.Build.0 = Release|Any CPU
		{ABD3628C-5AFA-4D20-9AF4-17FD8566CCC8}.Release|x64.ActiveCfg = Release|Any CPU
		{ABD3628C-5AFA-4D20-9AF4-17FD8566CCC8}.Release|x64.Build.0 = Release|Any CPU
		{ABD3628C-5AFA-4D20-9AF4-17FD8566CCC8}.Release|x86.ActiveCfg = Release|Any CPU
		{ABD3628C-5AFA-4D20-9AF4-17FD8566CCC8}.Release|x86.Build.0 = Release|Any CPU
		{7263EBD5-ABFB-4A17-A5CA-F54393128D2E}.Debug|Any CPU.ActiveCfg = Debug|Any CPU
		{7263EBD5-ABFB-4A17-A5CA-F54393128D2E}.Debug|Any CPU.Build.0 = Debug|Any CPU
		{7263EBD5-ABFB-4A17-A5CA-F54393128D2E}.Debug|x64.ActiveCfg = Debug|Any CPU
		{7263EBD5-ABFB-4A17-A5CA-F54393128D2E}.Debug|x64.Build.0 = Debug|Any CPU
		{7263EBD5-ABFB-4A17-A5CA-F54393128D2E}.Debug|x86.ActiveCfg = Debug|Any CPU
		{7263EBD5-ABFB-4A17-A5CA-F54393128D2E}.Debug|x86.Build.0 = Debug|Any CPU
		{7263EBD5-ABFB-4A17-A5CA-F54393128D2E}.Release|Any CPU.ActiveCfg = Release|Any CPU
		{7263EBD5-ABFB-4A17-A5CA-F54393128D2E}.Release|Any CPU.Build.0 = Release|Any CPU
		{7263EBD5-ABFB-4A17-A5CA-F54393128D2E}.Release|x64.ActiveCfg = Release|Any CPU
		{7263EBD5-ABFB-4A17-A5CA-F54393128D2E}.Release|x64.Build.0 = Release|Any CPU
		{7263EBD5-ABFB-4A17-A5CA-F54393128D2E}.Release|x86.ActiveCfg = Release|Any CPU
		{7263EBD5-ABFB-4A17-A5CA-F54393128D2E}.Release|x86.Build.0 = Release|Any CPU
		{66745A1D-D9AB-45FB-8167-EE040E345C04}.Debug|Any CPU.ActiveCfg = Debug|Any CPU
		{66745A1D-D9AB-45FB-8167-EE040E345C04}.Debug|Any CPU.Build.0 = Debug|Any CPU
		{66745A1D-D9AB-45FB-8167-EE040E345C04}.Debug|x64.ActiveCfg = Debug|Any CPU
		{66745A1D-D9AB-45FB-8167-EE040E345C04}.Debug|x64.Build.0 = Debug|Any CPU
		{66745A1D-D9AB-45FB-8167-EE040E345C04}.Debug|x86.ActiveCfg = Debug|Any CPU
		{66745A1D-D9AB-45FB-8167-EE040E345C04}.Debug|x86.Build.0 = Debug|Any CPU
		{66745A1D-D9AB-45FB-8167-EE040E345C04}.Release|Any CPU.ActiveCfg = Release|Any CPU
		{66745A1D-D9AB-45FB-8167-EE040E345C04}.Release|Any CPU.Build.0 = Release|Any CPU
		{66745A1D-D9AB-45FB-8167-EE040E345C04}.Release|x64.ActiveCfg = Release|Any CPU
		{66745A1D-D9AB-45FB-8167-EE040E345C04}.Release|x64.Build.0 = Release|Any CPU
		{66745A1D-D9AB-45FB-8167-EE040E345C04}.Release|x86.ActiveCfg = Release|Any CPU
		{66745A1D-D9AB-45FB-8167-EE040E345C04}.Release|x86.Build.0 = Release|Any CPU
		{C7669B83-D4AA-474A-802E-90B49C6B6DB0}.Debug|Any CPU.ActiveCfg = Debug|Any CPU
		{C7669B83-D4AA-474A-802E-90B49C6B6DB0}.Debug|Any CPU.Build.0 = Debug|Any CPU
		{C7669B83-D4AA-474A-802E-90B49C6B6DB0}.Debug|x64.ActiveCfg = Debug|Any CPU
		{C7669B83-D4AA-474A-802E-90B49C6B6DB0}.Debug|x64.Build.0 = Debug|Any CPU
		{C7669B83-D4AA-474A-802E-90B49C6B6DB0}.Debug|x86.ActiveCfg = Debug|Any CPU
		{C7669B83-D4AA-474A-802E-90B49C6B6DB0}.Debug|x86.Build.0 = Debug|Any CPU
		{C7669B83-D4AA-474A-802E-90B49C6B6DB0}.Release|Any CPU.ActiveCfg = Release|Any CPU
		{C7669B83-D4AA-474A-802E-90B49C6B6DB0}.Release|Any CPU.Build.0 = Release|Any CPU
		{C7669B83-D4AA-474A-802E-90B49C6B6DB0}.Release|x64.ActiveCfg = Release|Any CPU
		{C7669B83-D4AA-474A-802E-90B49C6B6DB0}.Release|x64.Build.0 = Release|Any CPU
		{C7669B83-D4AA-474A-802E-90B49C6B6DB0}.Release|x86.ActiveCfg = Release|Any CPU
		{C7669B83-D4AA-474A-802E-90B49C6B6DB0}.Release|x86.Build.0 = Release|Any CPU
		{A837E9A0-AED1-4968-9354-6542966083F6}.Debug|Any CPU.ActiveCfg = Debug|Any CPU
		{A837E9A0-AED1-4968-9354-6542966083F6}.Debug|Any CPU.Build.0 = Debug|Any CPU
		{A837E9A0-AED1-4968-9354-6542966083F6}.Debug|x64.ActiveCfg = Debug|Any CPU
		{A837E9A0-AED1-4968-9354-6542966083F6}.Debug|x64.Build.0 = Debug|Any CPU
		{A837E9A0-AED1-4968-9354-6542966083F6}.Debug|x86.ActiveCfg = Debug|Any CPU
		{A837E9A0-AED1-4968-9354-6542966083F6}.Debug|x86.Build.0 = Debug|Any CPU
		{A837E9A0-AED1-4968-9354-6542966083F6}.Release|Any CPU.ActiveCfg = Release|Any CPU
		{A837E9A0-AED1-4968-9354-6542966083F6}.Release|Any CPU.Build.0 = Release|Any CPU
		{A837E9A0-AED1-4968-9354-6542966083F6}.Release|x64.ActiveCfg = Release|Any CPU
		{A837E9A0-AED1-4968-9354-6542966083F6}.Release|x64.Build.0 = Release|Any CPU
		{A837E9A0-AED1-4968-9354-6542966083F6}.Release|x86.ActiveCfg = Release|Any CPU
		{A837E9A0-AED1-4968-9354-6542966083F6}.Release|x86.Build.0 = Release|Any CPU
		{4EA4CE6F-D4FD-47D7-A319-EFD980985B95}.Debug|Any CPU.ActiveCfg = Debug|Any CPU
		{4EA4CE6F-D4FD-47D7-A319-EFD980985B95}.Debug|Any CPU.Build.0 = Debug|Any CPU
		{4EA4CE6F-D4FD-47D7-A319-EFD980985B95}.Debug|x64.ActiveCfg = Debug|Any CPU
		{4EA4CE6F-D4FD-47D7-A319-EFD980985B95}.Debug|x64.Build.0 = Debug|Any CPU
		{4EA4CE6F-D4FD-47D7-A319-EFD980985B95}.Debug|x86.ActiveCfg = Debug|Any CPU
		{4EA4CE6F-D4FD-47D7-A319-EFD980985B95}.Debug|x86.Build.0 = Debug|Any CPU
		{4EA4CE6F-D4FD-47D7-A319-EFD980985B95}.Release|Any CPU.ActiveCfg = Release|Any CPU
		{4EA4CE6F-D4FD-47D7-A319-EFD980985B95}.Release|Any CPU.Build.0 = Release|Any CPU
		{4EA4CE6F-D4FD-47D7-A319-EFD980985B95}.Release|x64.ActiveCfg = Release|Any CPU
		{4EA4CE6F-D4FD-47D7-A319-EFD980985B95}.Release|x64.Build.0 = Release|Any CPU
		{4EA4CE6F-D4FD-47D7-A319-EFD980985B95}.Release|x86.ActiveCfg = Release|Any CPU
		{4EA4CE6F-D4FD-47D7-A319-EFD980985B95}.Release|x86.Build.0 = Release|Any CPU
		{604269A5-ADB3-4ACB-8B56-6604893FFDD2}.Debug|Any CPU.ActiveCfg = Debug|Any CPU
		{604269A5-ADB3-4ACB-8B56-6604893FFDD2}.Debug|Any CPU.Build.0 = Debug|Any CPU
		{604269A5-ADB3-4ACB-8B56-6604893FFDD2}.Debug|x64.ActiveCfg = Debug|Any CPU
		{604269A5-ADB3-4ACB-8B56-6604893FFDD2}.Debug|x64.Build.0 = Debug|Any CPU
		{604269A5-ADB3-4ACB-8B56-6604893FFDD2}.Debug|x86.ActiveCfg = Debug|Any CPU
		{604269A5-ADB3-4ACB-8B56-6604893FFDD2}.Debug|x86.Build.0 = Debug|Any CPU
		{604269A5-ADB3-4ACB-8B56-6604893FFDD2}.Release|Any CPU.ActiveCfg = Release|Any CPU
		{604269A5-ADB3-4ACB-8B56-6604893FFDD2}.Release|Any CPU.Build.0 = Release|Any CPU
		{604269A5-ADB3-4ACB-8B56-6604893FFDD2}.Release|x64.ActiveCfg = Release|Any CPU
		{604269A5-ADB3-4ACB-8B56-6604893FFDD2}.Release|x64.Build.0 = Release|Any CPU
		{604269A5-ADB3-4ACB-8B56-6604893FFDD2}.Release|x86.ActiveCfg = Release|Any CPU
		{604269A5-ADB3-4ACB-8B56-6604893FFDD2}.Release|x86.Build.0 = Release|Any CPU
		{2B81D0B4-73D8-4250-B3A8-9C128C4BB81A}.Debug|Any CPU.ActiveCfg = Debug|Any CPU
		{2B81D0B4-73D8-4250-B3A8-9C128C4BB81A}.Debug|Any CPU.Build.0 = Debug|Any CPU
		{2B81D0B4-73D8-4250-B3A8-9C128C4BB81A}.Debug|x64.ActiveCfg = Debug|Any CPU
		{2B81D0B4-73D8-4250-B3A8-9C128C4BB81A}.Debug|x64.Build.0 = Debug|Any CPU
		{2B81D0B4-73D8-4250-B3A8-9C128C4BB81A}.Debug|x86.ActiveCfg = Debug|Any CPU
		{2B81D0B4-73D8-4250-B3A8-9C128C4BB81A}.Debug|x86.Build.0 = Debug|Any CPU
		{2B81D0B4-73D8-4250-B3A8-9C128C4BB81A}.Release|Any CPU.ActiveCfg = Release|Any CPU
		{2B81D0B4-73D8-4250-B3A8-9C128C4BB81A}.Release|Any CPU.Build.0 = Release|Any CPU
		{2B81D0B4-73D8-4250-B3A8-9C128C4BB81A}.Release|x64.ActiveCfg = Release|Any CPU
		{2B81D0B4-73D8-4250-B3A8-9C128C4BB81A}.Release|x64.Build.0 = Release|Any CPU
		{2B81D0B4-73D8-4250-B3A8-9C128C4BB81A}.Release|x86.ActiveCfg = Release|Any CPU
		{2B81D0B4-73D8-4250-B3A8-9C128C4BB81A}.Release|x86.Build.0 = Release|Any CPU
		{618A5962-4303-4AC7-9B60-5B6A9D19B449}.Debug|Any CPU.ActiveCfg = Debug|Any CPU
		{618A5962-4303-4AC7-9B60-5B6A9D19B449}.Debug|Any CPU.Build.0 = Debug|Any CPU
		{618A5962-4303-4AC7-9B60-5B6A9D19B449}.Debug|x64.ActiveCfg = Debug|Any CPU
		{618A5962-4303-4AC7-9B60-5B6A9D19B449}.Debug|x64.Build.0 = Debug|Any CPU
		{618A5962-4303-4AC7-9B60-5B6A9D19B449}.Debug|x86.ActiveCfg = Debug|Any CPU
		{618A5962-4303-4AC7-9B60-5B6A9D19B449}.Debug|x86.Build.0 = Debug|Any CPU
		{618A5962-4303-4AC7-9B60-5B6A9D19B449}.Release|Any CPU.ActiveCfg = Release|Any CPU
		{618A5962-4303-4AC7-9B60-5B6A9D19B449}.Release|Any CPU.Build.0 = Release|Any CPU
		{618A5962-4303-4AC7-9B60-5B6A9D19B449}.Release|x64.ActiveCfg = Release|Any CPU
		{618A5962-4303-4AC7-9B60-5B6A9D19B449}.Release|x64.Build.0 = Release|Any CPU
		{618A5962-4303-4AC7-9B60-5B6A9D19B449}.Release|x86.ActiveCfg = Release|Any CPU
		{618A5962-4303-4AC7-9B60-5B6A9D19B449}.Release|x86.Build.0 = Release|Any CPU
		{0A34A63C-E64A-48C8-92D1-36B59841E2E2}.Debug|Any CPU.ActiveCfg = Debug|Any CPU
		{0A34A63C-E64A-48C8-92D1-36B59841E2E2}.Debug|Any CPU.Build.0 = Debug|Any CPU
		{0A34A63C-E64A-48C8-92D1-36B59841E2E2}.Debug|x64.ActiveCfg = Debug|Any CPU
		{0A34A63C-E64A-48C8-92D1-36B59841E2E2}.Debug|x64.Build.0 = Debug|Any CPU
		{0A34A63C-E64A-48C8-92D1-36B59841E2E2}.Debug|x86.ActiveCfg = Debug|Any CPU
		{0A34A63C-E64A-48C8-92D1-36B59841E2E2}.Debug|x86.Build.0 = Debug|Any CPU
		{0A34A63C-E64A-48C8-92D1-36B59841E2E2}.Release|Any CPU.ActiveCfg = Release|Any CPU
		{0A34A63C-E64A-48C8-92D1-36B59841E2E2}.Release|Any CPU.Build.0 = Release|Any CPU
		{0A34A63C-E64A-48C8-92D1-36B59841E2E2}.Release|x64.ActiveCfg = Release|Any CPU
		{0A34A63C-E64A-48C8-92D1-36B59841E2E2}.Release|x64.Build.0 = Release|Any CPU
		{0A34A63C-E64A-48C8-92D1-36B59841E2E2}.Release|x86.ActiveCfg = Release|Any CPU
		{0A34A63C-E64A-48C8-92D1-36B59841E2E2}.Release|x86.Build.0 = Release|Any CPU
		{7C5B8C2F-6806-43E1-86D5-6083694195CE}.Debug|Any CPU.ActiveCfg = Debug|Any CPU
		{7C5B8C2F-6806-43E1-86D5-6083694195CE}.Debug|Any CPU.Build.0 = Debug|Any CPU
		{7C5B8C2F-6806-43E1-86D5-6083694195CE}.Debug|x64.ActiveCfg = Debug|Any CPU
		{7C5B8C2F-6806-43E1-86D5-6083694195CE}.Debug|x64.Build.0 = Debug|Any CPU
		{7C5B8C2F-6806-43E1-86D5-6083694195CE}.Debug|x86.ActiveCfg = Debug|Any CPU
		{7C5B8C2F-6806-43E1-86D5-6083694195CE}.Debug|x86.Build.0 = Debug|Any CPU
		{7C5B8C2F-6806-43E1-86D5-6083694195CE}.Release|Any CPU.ActiveCfg = Release|Any CPU
		{7C5B8C2F-6806-43E1-86D5-6083694195CE}.Release|Any CPU.Build.0 = Release|Any CPU
		{7C5B8C2F-6806-43E1-86D5-6083694195CE}.Release|x64.ActiveCfg = Release|Any CPU
		{7C5B8C2F-6806-43E1-86D5-6083694195CE}.Release|x64.Build.0 = Release|Any CPU
		{7C5B8C2F-6806-43E1-86D5-6083694195CE}.Release|x86.ActiveCfg = Release|Any CPU
		{7C5B8C2F-6806-43E1-86D5-6083694195CE}.Release|x86.Build.0 = Release|Any CPU
		{76A83A0C-9E2E-451F-8605-E543EF5FFC99}.Debug|Any CPU.ActiveCfg = Debug|Any CPU
		{76A83A0C-9E2E-451F-8605-E543EF5FFC99}.Debug|Any CPU.Build.0 = Debug|Any CPU
		{76A83A0C-9E2E-451F-8605-E543EF5FFC99}.Debug|x64.ActiveCfg = Debug|Any CPU
		{76A83A0C-9E2E-451F-8605-E543EF5FFC99}.Debug|x64.Build.0 = Debug|Any CPU
		{76A83A0C-9E2E-451F-8605-E543EF5FFC99}.Debug|x86.ActiveCfg = Debug|Any CPU
		{76A83A0C-9E2E-451F-8605-E543EF5FFC99}.Debug|x86.Build.0 = Debug|Any CPU
		{76A83A0C-9E2E-451F-8605-E543EF5FFC99}.Release|Any CPU.ActiveCfg = Release|Any CPU
		{76A83A0C-9E2E-451F-8605-E543EF5FFC99}.Release|Any CPU.Build.0 = Release|Any CPU
		{76A83A0C-9E2E-451F-8605-E543EF5FFC99}.Release|x64.ActiveCfg = Release|Any CPU
		{76A83A0C-9E2E-451F-8605-E543EF5FFC99}.Release|x64.Build.0 = Release|Any CPU
		{76A83A0C-9E2E-451F-8605-E543EF5FFC99}.Release|x86.ActiveCfg = Release|Any CPU
		{76A83A0C-9E2E-451F-8605-E543EF5FFC99}.Release|x86.Build.0 = Release|Any CPU
		{E72879BF-B170-4A83-8158-4D5A46160A0D}.Debug|Any CPU.ActiveCfg = Debug|Any CPU
		{E72879BF-B170-4A83-8158-4D5A46160A0D}.Debug|Any CPU.Build.0 = Debug|Any CPU
		{E72879BF-B170-4A83-8158-4D5A46160A0D}.Debug|x64.ActiveCfg = Debug|Any CPU
		{E72879BF-B170-4A83-8158-4D5A46160A0D}.Debug|x64.Build.0 = Debug|Any CPU
		{E72879BF-B170-4A83-8158-4D5A46160A0D}.Debug|x86.ActiveCfg = Debug|Any CPU
		{E72879BF-B170-4A83-8158-4D5A46160A0D}.Debug|x86.Build.0 = Debug|Any CPU
		{E72879BF-B170-4A83-8158-4D5A46160A0D}.Release|Any CPU.ActiveCfg = Release|Any CPU
		{E72879BF-B170-4A83-8158-4D5A46160A0D}.Release|Any CPU.Build.0 = Release|Any CPU
		{E72879BF-B170-4A83-8158-4D5A46160A0D}.Release|x64.ActiveCfg = Release|Any CPU
		{E72879BF-B170-4A83-8158-4D5A46160A0D}.Release|x64.Build.0 = Release|Any CPU
		{E72879BF-B170-4A83-8158-4D5A46160A0D}.Release|x86.ActiveCfg = Release|Any CPU
		{E72879BF-B170-4A83-8158-4D5A46160A0D}.Release|x86.Build.0 = Release|Any CPU
		{840CD130-E1CB-48D2-8F62-F4E224D9F807}.Debug|Any CPU.ActiveCfg = Debug|Any CPU
		{840CD130-E1CB-48D2-8F62-F4E224D9F807}.Debug|Any CPU.Build.0 = Debug|Any CPU
		{840CD130-E1CB-48D2-8F62-F4E224D9F807}.Debug|x64.ActiveCfg = Debug|Any CPU
		{840CD130-E1CB-48D2-8F62-F4E224D9F807}.Debug|x64.Build.0 = Debug|Any CPU
		{840CD130-E1CB-48D2-8F62-F4E224D9F807}.Debug|x86.ActiveCfg = Debug|Any CPU
		{840CD130-E1CB-48D2-8F62-F4E224D9F807}.Debug|x86.Build.0 = Debug|Any CPU
		{840CD130-E1CB-48D2-8F62-F4E224D9F807}.Release|Any CPU.ActiveCfg = Release|Any CPU
		{840CD130-E1CB-48D2-8F62-F4E224D9F807}.Release|Any CPU.Build.0 = Release|Any CPU
		{840CD130-E1CB-48D2-8F62-F4E224D9F807}.Release|x64.ActiveCfg = Release|Any CPU
		{840CD130-E1CB-48D2-8F62-F4E224D9F807}.Release|x64.Build.0 = Release|Any CPU
		{840CD130-E1CB-48D2-8F62-F4E224D9F807}.Release|x86.ActiveCfg = Release|Any CPU
		{840CD130-E1CB-48D2-8F62-F4E224D9F807}.Release|x86.Build.0 = Release|Any CPU
		{7F304FD2-AFC4-4009-A944-F685A3509494}.Debug|Any CPU.ActiveCfg = Debug|Any CPU
		{7F304FD2-AFC4-4009-A944-F685A3509494}.Debug|Any CPU.Build.0 = Debug|Any CPU
		{7F304FD2-AFC4-4009-A944-F685A3509494}.Debug|x64.ActiveCfg = Debug|Any CPU
		{7F304FD2-AFC4-4009-A944-F685A3509494}.Debug|x64.Build.0 = Debug|Any CPU
		{7F304FD2-AFC4-4009-A944-F685A3509494}.Debug|x86.ActiveCfg = Debug|Any CPU
		{7F304FD2-AFC4-4009-A944-F685A3509494}.Debug|x86.Build.0 = Debug|Any CPU
		{7F304FD2-AFC4-4009-A944-F685A3509494}.Release|Any CPU.ActiveCfg = Release|Any CPU
		{7F304FD2-AFC4-4009-A944-F685A3509494}.Release|Any CPU.Build.0 = Release|Any CPU
		{7F304FD2-AFC4-4009-A944-F685A3509494}.Release|x64.ActiveCfg = Release|Any CPU
		{7F304FD2-AFC4-4009-A944-F685A3509494}.Release|x64.Build.0 = Release|Any CPU
		{7F304FD2-AFC4-4009-A944-F685A3509494}.Release|x86.ActiveCfg = Release|Any CPU
		{7F304FD2-AFC4-4009-A944-F685A3509494}.Release|x86.Build.0 = Release|Any CPU
		{53CAB811-0194-4AE7-B771-3D59E964E504}.Debug|Any CPU.ActiveCfg = Debug|Any CPU
		{53CAB811-0194-4AE7-B771-3D59E964E504}.Debug|Any CPU.Build.0 = Debug|Any CPU
		{53CAB811-0194-4AE7-B771-3D59E964E504}.Debug|x64.ActiveCfg = Debug|Any CPU
		{53CAB811-0194-4AE7-B771-3D59E964E504}.Debug|x64.Build.0 = Debug|Any CPU
		{53CAB811-0194-4AE7-B771-3D59E964E504}.Debug|x86.ActiveCfg = Debug|Any CPU
		{53CAB811-0194-4AE7-B771-3D59E964E504}.Debug|x86.Build.0 = Debug|Any CPU
		{53CAB811-0194-4AE7-B771-3D59E964E504}.Release|Any CPU.ActiveCfg = Release|Any CPU
		{53CAB811-0194-4AE7-B771-3D59E964E504}.Release|Any CPU.Build.0 = Release|Any CPU
		{53CAB811-0194-4AE7-B771-3D59E964E504}.Release|x64.ActiveCfg = Release|Any CPU
		{53CAB811-0194-4AE7-B771-3D59E964E504}.Release|x64.Build.0 = Release|Any CPU
		{53CAB811-0194-4AE7-B771-3D59E964E504}.Release|x86.ActiveCfg = Release|Any CPU
		{53CAB811-0194-4AE7-B771-3D59E964E504}.Release|x86.Build.0 = Release|Any CPU
	EndGlobalSection
	GlobalSection(SolutionProperties) = preSolution
		HideSolutionNode = FALSE
	EndGlobalSection
	GlobalSection(NestedProjects) = preSolution
		{29AF64A8-EE08-40F0-AFF1-D1762E37145B} = {80FF55B4-8026-4424-8F4D-BDD20E32CB13}
		{ABD3628C-5AFA-4D20-9AF4-17FD8566CCC8} = {29AF64A8-EE08-40F0-AFF1-D1762E37145B}
		{7263EBD5-ABFB-4A17-A5CA-F54393128D2E} = {29AF64A8-EE08-40F0-AFF1-D1762E37145B}
		{66745A1D-D9AB-45FB-8167-EE040E345C04} = {29AF64A8-EE08-40F0-AFF1-D1762E37145B}
		{C7669B83-D4AA-474A-802E-90B49C6B6DB0} = {29AF64A8-EE08-40F0-AFF1-D1762E37145B}
		{A837E9A0-AED1-4968-9354-6542966083F6} = {548CAE2B-9C3F-4D6E-9023-CF5CBC4A774B}
		{CCB6BFC9-1E1C-D6CA-BAF5-57C5A4F94D78} = {80FF55B4-8026-4424-8F4D-BDD20E32CB13}
		{4EA4CE6F-D4FD-47D7-A319-EFD980985B95} = {CCB6BFC9-1E1C-D6CA-BAF5-57C5A4F94D78}
		{604269A5-ADB3-4ACB-8B56-6604893FFDD2} = {CCB6BFC9-1E1C-D6CA-BAF5-57C5A4F94D78}
		{2B81D0B4-73D8-4250-B3A8-9C128C4BB81A} = {CCB6BFC9-1E1C-D6CA-BAF5-57C5A4F94D78}
		{618A5962-4303-4AC7-9B60-5B6A9D19B449} = {CCB6BFC9-1E1C-D6CA-BAF5-57C5A4F94D78}
		{58C2AF56-6C70-E275-C0EF-70FD642BDB58} = {80FF55B4-8026-4424-8F4D-BDD20E32CB13}
		{0A34A63C-E64A-48C8-92D1-36B59841E2E2} = {58C2AF56-6C70-E275-C0EF-70FD642BDB58}
		{7C5B8C2F-6806-43E1-86D5-6083694195CE} = {58C2AF56-6C70-E275-C0EF-70FD642BDB58}
		{76A83A0C-9E2E-451F-8605-E543EF5FFC99} = {58C2AF56-6C70-E275-C0EF-70FD642BDB58}
		{E72879BF-B170-4A83-8158-4D5A46160A0D} = {58C2AF56-6C70-E275-C0EF-70FD642BDB58}
		{840CD130-E1CB-48D2-8F62-F4E224D9F807} = {CE609670-85B9-0D16-FB54-ED063D5D8A6D}
		{95BEF398-76B9-AA21-D909-717B6157BD08} = {80FF55B4-8026-4424-8F4D-BDD20E32CB13}
		{7F304FD2-AFC4-4009-A944-F685A3509494} = {95BEF398-76B9-AA21-D909-717B6157BD08}
		{53CAB811-0194-4AE7-B771-3D59E964E504} = {E7BDDBC6-9FD1-D1D7-ACD8-2C4F8E3D2461}
	EndGlobalSection
	GlobalSection(ExtensibilityGlobals) = postSolution
		SolutionGuid = {22F57BF1-97A2-4961-AB14-A9310780B809}
	EndGlobalSection
EndGlobal
